
Microsoft Visual Studio Solution File, Format Version 12.00
# Visual Studio Version 16
VisualStudioVersion = 16.0.30804.86
MinimumVisualStudioVersion = 10.0.40219.1
Project("{FAE04EC0-301F-11D3-BF4B-00C04F79EFBC}") = "DAL.DMS", "DAL.DMS\DAL.DMS.csproj", "{8B453448-CD4A-42FC-B3A2-7EED55188A6D}"
EndProject
Project("{FAE04EC0-301F-11D3-BF4B-00C04F79EFBC}") = "BLL.DMS", "BLL.DMS\BLL.DMS.csproj", "{B2175D34-DB9D-4DB2-8B83-B9F37ED0503E}"
EndProject
Project("{FAE04EC0-301F-11D3-BF4B-00C04F79EFBC}") = "Web.DMS", "Web.DMS\Web.DMS.csproj", "{2D6E9187-02ED-4453-B6E8-62D941089A1A}"
EndProject
Global
	GlobalSection(SolutionConfigurationPlatforms) = preSolution
		Debug|Any CPU = Debug|Any CPU
		Release|Any CPU = Release|Any CPU
	EndGlobalSection
	GlobalSection(ProjectConfigurationPlatforms) = postSolution
		{8B453448-CD4A-42FC-B3A2-7EED55188A6D}.Debug|Any CPU.ActiveCfg = Debug|Any CPU
		{8B453448-CD4A-42FC-B3A2-7EED55188A6D}.Debug|Any CPU.Build.0 = Debug|Any CPU
		{8B453448-CD4A-42FC-B3A2-7EED55188A6D}.Release|Any CPU.ActiveCfg = Release|Any CPU
		{8B453448-CD4A-42FC-B3A2-7EED55188A6D}.Release|Any CPU.Build.0 = Release|Any CPU
		{B2175D34-DB9D-4DB2-8B83-B9F37ED0503E}.Debug|Any CPU.ActiveCfg = Debug|Any CPU
		{B2175D34-DB9D-4DB2-8B83-B9F37ED0503E}.Debug|Any CPU.Build.0 = Debug|Any CPU
		{B2175D34-DB9D-4DB2-8B83-B9F37ED0503E}.Release|Any CPU.ActiveCfg = Release|Any CPU
		{B2175D34-DB9D-4DB2-8B83-B9F37ED0503E}.Release|Any CPU.Build.0 = Release|Any CPU
		{2D6E9187-02ED-4453-B6E8-62D941089A1A}.Debug|Any CPU.ActiveCfg = Debug|Any CPU
		{2D6E9187-02ED-4453-B6E8-62D941089A1A}.Debug|Any CPU.Build.0 = Debug|Any CPU
		{2D6E9187-02ED-4453-B6E8-62D941089A1A}.Release|Any CPU.ActiveCfg = Release|Any CPU
		{2D6E9187-02ED-4453-B6E8-62D941089A1A}.Release|Any CPU.Build.0 = Release|Any CPU
	EndGlobalSection
	GlobalSection(SolutionProperties) = preSolution
		HideSolutionNode = FALSE
	EndGlobalSection
	GlobalSection(ExtensibilityGlobals) = postSolution
		SolutionGuid = {B178B7CF-2DF3-4215-AF78-09BF5AB6D274}
	EndGlobalSection
EndGlobal
